
Microsoft Visual Studio Solution File, Format Version 12.00
# Visual Studio Version 16
VisualStudioVersion = 16.0.29905.134
MinimumVisualStudioVersion = 10.0.40219.1
Project("{8BC9CEB8-8B4A-11D0-8D11-00A0C91BC942}") = "ForwardList", "ForwardList\ForwardList.vcxproj", "{CD50E7E4-4B18-4015-AC6D-64A1AC986A3D}"
EndProject
Project("{8BC9CEB8-8B4A-11D0-8D11-00A0C91BC942}") = "List", "List\List.vcxproj", "{044AD342-D7B8-4344-8C5B-4BD0C880C4C0}"
EndProject
Global
	GlobalSection(SolutionConfigurationPlatforms) = preSolution
		Debug|x64 = Debug|x64
		Debug|x86 = Debug|x86
		Release|x64 = Release|x64
		Release|x86 = Release|x86
	EndGlobalSection
	GlobalSection(ProjectConfigurationPlatforms) = postSolution
		{CD50E7E4-4B18-4015-AC6D-64A1AC986A3D}.Debug|x64.ActiveCfg = Debug|x64
		{CD50E7E4-4B18-4015-AC6D-64A1AC986A3D}.Debug|x64.Build.0 = Debug|x64
		{CD50E7E4-4B18-4015-AC6D-64A1AC986A3D}.Debug|x86.ActiveCfg = Debug|Win32
		{CD50E7E4-4B18-4015-AC6D-64A1AC986A3D}.Debug|x86.Build.0 = Debug|Win32
		{CD50E7E4-4B18-4015-AC6D-64A1AC986A3D}.Release|x64.ActiveCfg = Release|x64
		{CD50E7E4-4B18-4015-AC6D-64A1AC986A3D}.Release|x64.Build.0 = Release|x64
		{CD50E7E4-4B18-4015-AC6D-64A1AC986A3D}.Release|x86.ActiveCfg = Release|Win32
		{CD50E7E4-4B18-4015-AC6D-64A1AC986A3D}.Release|x86.Build.0 = Release|Win32
		{044AD342-D7B8-4344-8C5B-4BD0C880C4C0}.Debug|x64.ActiveCfg = Debug|x64
		{044AD342-D7B8-4344-8C5B-4BD0C880C4C0}.Debug|x64.Build.0 = Debug|x64
		{044AD342-D7B8-4344-8C5B-4BD0C880C4C0}.Debug|x86.ActiveCfg = Debug|Win32
		{044AD342-D7B8-4344-8C5B-4BD0C880C4C0}.Debug|x86.Build.0 = Debug|Win32
		{044AD342-D7B8-4344-8C5B-4BD0C880C4C0}.Release|x64.ActiveCfg = Release|x64
		{044AD342-D7B8-4344-8C5B-4BD0C880C4C0}.Release|x64.Build.0 = Release|x64
		{044AD342-D7B8-4344-8C5B-4BD0C880C4C0}.Release|x86.ActiveCfg = Release|Win32
		{044AD342-D7B8-4344-8C5B-4BD0C880C4C0}.Release|x86.Build.0 = Release|Win32
	EndGlobalSection
	GlobalSection(SolutionProperties) = preSolution
		HideSolutionNode = FALSE
	EndGlobalSection
	GlobalSection(ExtensibilityGlobals) = postSolution
		SolutionGuid = {6A21263C-DC3A-48AE-9850-6D7162478F0C}
	EndGlobalSection
EndGlobal
